
Microsoft Visual Studio Solution File, Format Version 12.00
# Visual Studio Version 17
VisualStudioVersion = 17.11.35222.181
MinimumVisualStudioVersion = 10.0.40219.1
Project("{FAE04EC0-301F-11D3-BF4B-00C04F79EFBC}") = "MacBot.ConsoleApp", "MacBot.Console\MacBot.ConsoleApp.csproj", "{533C48E2-4BAD-4DAA-BCAC-8D4F9F7C8A88}"
EndProject
Global
	GlobalSection(SolutionConfigurationPlatforms) = preSolution
		Debug|Any CPU = Debug|Any CPU
		Release|Any CPU = Release|Any CPU
	EndGlobalSection
	GlobalSection(ProjectConfigurationPlatforms) = postSolution
		{533C48E2-4BAD-4DAA-BCAC-8D4F9F7C8A88}.Debug|Any CPU.ActiveCfg = Debug|Any CPU
		{533C48E2-4BAD-4DAA-BCAC-8D4F9F7C8A88}.Debug|Any CPU.Build.0 = Debug|Any CPU
		{533C48E2-4BAD-4DAA-BCAC-8D4F9F7C8A88}.Release|Any CPU.ActiveCfg = Release|Any CPU
		{533C48E2-4BAD-4DAA-BCAC-8D4F9F7C8A88}.Release|Any CPU.Build.0 = Release|Any CPU
	EndGlobalSection
	GlobalSection(SolutionProperties) = preSolution
		HideSolutionNode = FALSE
	EndGlobalSection
	GlobalSection(ExtensibilityGlobals) = postSolution
		SolutionGuid = {B0B92D6A-5DDD-42F0-9703-34BE00CAE7C8}
	EndGlobalSection
EndGlobal
